
Microsoft Visual Studio Solution File, Format Version 12.00
# Visual Studio Version 17
VisualStudioVersion = 17.3.32929.385
MinimumVisualStudioVersion = 10.0.40219.1
Project("{FAE04EC0-301F-11D3-BF4B-00C04F79EFBC}") = "Api.Application", "Api.Application\Api.Application.csproj", "{5723CACB-99DD-42F0-9D80-8C1541EB2CD3}"
EndProject
Global
	GlobalSection(SolutionConfigurationPlatforms) = preSolution
		Debug|Any CPU = Debug|Any CPU
		Release|Any CPU = Release|Any CPU
	EndGlobalSection
	GlobalSection(ProjectConfigurationPlatforms) = postSolution
		{5723CACB-99DD-42F0-9D80-8C1541EB2CD3}.Debug|Any CPU.ActiveCfg = Debug|Any CPU
		{5723CACB-99DD-42F0-9D80-8C1541EB2CD3}.Debug|Any CPU.Build.0 = Debug|Any CPU
		{5723CACB-99DD-42F0-9D80-8C1541EB2CD3}.Release|Any CPU.ActiveCfg = Release|Any CPU
		{5723CACB-99DD-42F0-9D80-8C1541EB2CD3}.Release|Any CPU.Build.0 = Release|Any CPU
	EndGlobalSection
	GlobalSection(SolutionProperties) = preSolution
		HideSolutionNode = FALSE
	EndGlobalSection
	GlobalSection(ExtensibilityGlobals) = postSolution
		SolutionGuid = {AD967E57-888D-48FB-9943-ED793A52EDE3}
	EndGlobalSection
EndGlobal
